
Microsoft Visual Studio Solution File, Format Version 12.00
# Visual Studio for Mac
Project("{FAE04EC0-301F-11D3-BF4B-00C04F79EFBC}") = "dk2test.Plugins", "dk2test.Plugins.csproj", "{FB4F9D0D-4DC4-2CA5-5AF6-849F24763246}"
EndProject
Project("{FAE04EC0-301F-11D3-BF4B-00C04F79EFBC}") = "dk2test", "dk2test.csproj", "{5C917F2A-78B8-6B87-E5AC-F50B05726722}"
EndProject
Project("{FAE04EC0-301F-11D3-BF4B-00C04F79EFBC}") = "dk2test.Editor", "dk2test.Editor.csproj", "{B3F52063-D42B-9424-9417-89D645A7DD41}"
EndProject
Global
	GlobalSection(SolutionConfigurationPlatforms) = preSolution
		Debug|Any CPU = Debug|Any CPU
		Release|Any CPU = Release|Any CPU
	EndGlobalSection
	GlobalSection(ProjectConfigurationPlatforms) = postSolution
		{FB4F9D0D-4DC4-2CA5-5AF6-849F24763246}.Debug|Any CPU.ActiveCfg = Debug|Any CPU
		{FB4F9D0D-4DC4-2CA5-5AF6-849F24763246}.Debug|Any CPU.Build.0 = Debug|Any CPU
		{FB4F9D0D-4DC4-2CA5-5AF6-849F24763246}.Release|Any CPU.ActiveCfg = Release|Any CPU
		{FB4F9D0D-4DC4-2CA5-5AF6-849F24763246}.Release|Any CPU.Build.0 = Release|Any CPU
		{5C917F2A-78B8-6B87-E5AC-F50B05726722}.Debug|Any CPU.ActiveCfg = Debug|Any CPU
		{5C917F2A-78B8-6B87-E5AC-F50B05726722}.Debug|Any CPU.Build.0 = Debug|Any CPU
		{5C917F2A-78B8-6B87-E5AC-F50B05726722}.Release|Any CPU.ActiveCfg = Release|Any CPU
		{5C917F2A-78B8-6B87-E5AC-F50B05726722}.Release|Any CPU.Build.0 = Release|Any CPU
		{B3F52063-D42B-9424-9417-89D645A7DD41}.Debug|Any CPU.ActiveCfg = Debug|Any CPU
		{B3F52063-D42B-9424-9417-89D645A7DD41}.Debug|Any CPU.Build.0 = Debug|Any CPU
		{B3F52063-D42B-9424-9417-89D645A7DD41}.Release|Any CPU.ActiveCfg = Release|Any CPU
		{B3F52063-D42B-9424-9417-89D645A7DD41}.Release|Any CPU.Build.0 = Release|Any CPU
	EndGlobalSection
	GlobalSection(SolutionProperties) = preSolution
		HideSolutionNode = FALSE
	EndGlobalSection
EndGlobal
